
Microsoft Visual Studio Solution File, Format Version 12.00
# Visual Studio Version 17
VisualStudioVersion = 17.9.34622.214
MinimumVisualStudioVersion = 10.0.40219.1
Project("{FAE04EC0-301F-11D3-BF4B-00C04F79EFBC}") = "App2.Android", "App2\App2.Android\App2.Android.csproj", "{24CA237E-E435-40A6-99A1-FD588FB317DF}"
EndProject
Project("{9A19103F-16F7-4668-BE54-9A1E7A4F7556}") = "App2", "App2\App2\App2.csproj", "{FA7A35FC-FB9F-4194-A1CE-CA7B0344D843}"
EndProject
Global
	GlobalSection(SolutionConfigurationPlatforms) = preSolution
		Debug|Any CPU = Debug|Any CPU
		Debug|iPhone = Debug|iPhone
		Debug|iPhoneSimulator = Debug|iPhoneSimulator
		Release|Any CPU = Release|Any CPU
		Release|iPhone = Release|iPhone
		Release|iPhoneSimulator = Release|iPhoneSimulator
	EndGlobalSection
	GlobalSection(ProjectConfigurationPlatforms) = postSolution
		{24CA237E-E435-40A6-99A1-FD588FB317DF}.Debug|Any CPU.ActiveCfg = Debug|Any CPU
		{24CA237E-E435-40A6-99A1-FD588FB317DF}.Debug|Any CPU.Build.0 = Debug|Any CPU
		{24CA237E-E435-40A6-99A1-FD588FB317DF}.Debug|Any CPU.Deploy.0 = Debug|Any CPU
		{24CA237E-E435-40A6-99A1-FD588FB317DF}.Debug|iPhone.ActiveCfg = Debug|Any CPU
		{24CA237E-E435-40A6-99A1-FD588FB317DF}.Debug|iPhone.Build.0 = Debug|Any CPU
		{24CA237E-E435-40A6-99A1-FD588FB317DF}.Debug|iPhone.Deploy.0 = Debug|Any CPU
		{24CA237E-E435-40A6-99A1-FD588FB317DF}.Debug|iPhoneSimulator.ActiveCfg = Debug|Any CPU
		{24CA237E-E435-40A6-99A1-FD588FB317DF}.Debug|iPhoneSimulator.Build.0 = Debug|Any CPU
		{24CA237E-E435-40A6-99A1-FD588FB317DF}.Debug|iPhoneSimulator.Deploy.0 = Debug|Any CPU
		{24CA237E-E435-40A6-99A1-FD588FB317DF}.Release|Any CPU.ActiveCfg = Release|Any CPU
		{24CA237E-E435-40A6-99A1-FD588FB317DF}.Release|Any CPU.Build.0 = Release|Any CPU
		{24CA237E-E435-40A6-99A1-FD588FB317DF}.Release|Any CPU.Deploy.0 = Release|Any CPU
		{24CA237E-E435-40A6-99A1-FD588FB317DF}.Release|iPhone.ActiveCfg = Release|Any CPU
		{24CA237E-E435-40A6-99A1-FD588FB317DF}.Release|iPhone.Build.0 = Release|Any CPU
		{24CA237E-E435-40A6-99A1-FD588FB317DF}.Release|iPhone.Deploy.0 = Release|Any CPU
		{24CA237E-E435-40A6-99A1-FD588FB317DF}.Release|iPhoneSimulator.ActiveCfg = Release|Any CPU
		{24CA237E-E435-40A6-99A1-FD588FB317DF}.Release|iPhoneSimulator.Build.0 = Release|Any CPU
		{24CA237E-E435-40A6-99A1-FD588FB317DF}.Release|iPhoneSimulator.Deploy.0 = Release|Any CPU
		{FA7A35FC-FB9F-4194-A1CE-CA7B0344D843}.Debug|Any CPU.ActiveCfg = Debug|Any CPU
		{FA7A35FC-FB9F-4194-A1CE-CA7B0344D843}.Debug|Any CPU.Build.0 = Debug|Any CPU
		{FA7A35FC-FB9F-4194-A1CE-CA7B0344D843}.Debug|Any CPU.Deploy.0 = Debug|Any CPU
		{FA7A35FC-FB9F-4194-A1CE-CA7B0344D843}.Debug|iPhone.ActiveCfg = Debug|Any CPU
		{FA7A35FC-FB9F-4194-A1CE-CA7B0344D843}.Debug|iPhone.Build.0 = Debug|Any CPU
		{FA7A35FC-FB9F-4194-A1CE-CA7B0344D843}.Debug|iPhone.Deploy.0 = Debug|Any CPU
		{FA7A35FC-FB9F-4194-A1CE-CA7B0344D843}.Debug|iPhoneSimulator.ActiveCfg = Debug|Any CPU
		{FA7A35FC-FB9F-4194-A1CE-CA7B0344D843}.Debug|iPhoneSimulator.Build.0 = Debug|Any CPU
		{FA7A35FC-FB9F-4194-A1CE-CA7B0344D843}.Debug|iPhoneSimulator.Deploy.0 = Debug|Any CPU
		{FA7A35FC-FB9F-4194-A1CE-CA7B0344D843}.Release|Any CPU.ActiveCfg = Release|Any CPU
		{FA7A35FC-FB9F-4194-A1CE-CA7B0344D843}.Release|Any CPU.Build.0 = Release|Any CPU
		{FA7A35FC-FB9F-4194-A1CE-CA7B0344D843}.Release|Any CPU.Deploy.0 = Release|Any CPU
		{FA7A35FC-FB9F-4194-A1CE-CA7B0344D843}.Release|iPhone.ActiveCfg = Release|Any CPU
		{FA7A35FC-FB9F-4194-A1CE-CA7B0344D843}.Release|iPhone.Build.0 = Release|Any CPU
		{FA7A35FC-FB9F-4194-A1CE-CA7B0344D843}.Release|iPhone.Deploy.0 = Release|Any CPU
		{FA7A35FC-FB9F-4194-A1CE-CA7B0344D843}.Release|iPhoneSimulator.ActiveCfg = Release|Any CPU
		{FA7A35FC-FB9F-4194-A1CE-CA7B0344D843}.Release|iPhoneSimulator.Build.0 = Release|Any CPU
		{FA7A35FC-FB9F-4194-A1CE-CA7B0344D843}.Release|iPhoneSimulator.Deploy.0 = Release|Any CPU
	EndGlobalSection
	GlobalSection(SolutionProperties) = preSolution
		HideSolutionNode = FALSE
	EndGlobalSection
	GlobalSection(ExtensibilityGlobals) = postSolution
		SolutionGuid = {0256B8D9-DC06-411C-A057-AF87B417E835}
	EndGlobalSection
EndGlobal
